# THIS IS AN AUTOGENERATED FILE. DO NOT EDIT THIS FILE DIRECTLY.
# yarn lockfile v1


cli-color@0.3.2:
  version "0.3.2"
  resolved "https://registry.yarnpkg.com/cli-color/-/cli-color-0.3.2.tgz#75fa5f728c308cc4ac594b05e06cc5d80daccd86"
  dependencies:
    d "~0.1.1"
    es5-ext "~0.10.2"
    memoizee "0.3.x"
    timers-ext "0.1.x"

d@^0.1.1, d@~0.1.1:
  version "0.1.1"
  resolved "https://registry.yarnpkg.com/d/-/d-0.1.1.tgz#da184c535d18d8ee7ba2aa229b914009fae11309"
  dependencies:
    es5-ext "~0.10.2"

es5-ext@^0.10.7, es5-ext@~0.10.11, es5-ext@~0.10.2, es5-ext@~0.10.5, es5-ext@~0.10.6, es5-ext@~0.10.7:
  version "0.10.12"
  resolved "https://registry.yarnpkg.com/es5-ext/-/es5-ext-0.10.12.tgz#aa84641d4db76b62abba5e45fd805ecbab140047"
  dependencies:
    es6-iterator "2"
    es6-symbol "~3.1"

es6-iterator@2:
  version "2.0.0"
  resolved "https://registry.yarnpkg.com/es6-iterator/-/es6-iterator-2.0.0.tgz#bd968567d61635e33c0b80727613c9cb4b096bac"
  dependencies:
    d "^0.1.1"
    es5-ext "^0.10.7"
    es6-symbol "3"

es6-iterator@~0.1.3:
  version "0.1.3"
  resolved "https://registry.yarnpkg.com/es6-iterator/-/es6-iterator-0.1.3.tgz#d6f58b8c4fc413c249b4baa19768f8e4d7c8944e"
  dependencies:
    d "~0.1.1"
    es5-ext "~0.10.5"
    es6-symbol "~2.0.1"

es6-symbol@3, es6-symbol@~3.1:
  version "3.1.0"
  resolved "https://registry.yarnpkg.com/es6-symbol/-/es6-symbol-3.1.0.tgz#94481c655e7a7cad82eba832d97d5433496d7ffa"
  dependencies:
    d "~0.1.1"
    es5-ext "~0.10.11"

es6-symbol@~2.0.1:
  version "2.0.1"
  resolved "https://registry.yarnpkg.com/es6-symbol/-/es6-symbol-2.0.1.tgz#761b5c67cfd4f1d18afb234f691d678682cb3bf3"
  dependencies:
    d "~0.1.1"
    es5-ext "~0.10.5"

es6-weak-map@~0.1.4:
  version "0.1.4"
  resolved "https://registry.yarnpkg.com/es6-weak-map/-/es6-weak-map-0.1.4.tgz#706cef9e99aa236ba7766c239c8b9e286ea7d228"
  dependencies:
    d "~0.1.1"
    es5-ext "~0.10.6"
    es6-iterator "~0.1.3"
    es6-symbol "~2.0.1"

event-emitter@~0.3.4:
  version "0.3.4"
  resolved "https://registry.yarnpkg.com/event-emitter/-/event-emitter-0.3.4.tgz#8d63ddfb4cfe1fae3b32ca265c4c720222080bb5"
  dependencies:
    d "~0.1.1"
    es5-ext "~0.10.7"

lru-queue@0.1:
  version "0.1.0"
  resolved "https://registry.yarnpkg.com/lru-queue/-/lru-queue-0.1.0.tgz#2738bd9f0d3cf4f84490c5736c48699ac632cda3"
  dependencies:
    es5-ext "~0.10.2"

memoizee@0.3.x:
  version "0.3.10"
  resolved "https://registry.yarnpkg.com/memoizee/-/memoizee-0.3.10.tgz#4eca0d8aed39ec9d017f4c5c2f2f6432f42e5c8f"
  dependencies:
    d "~0.1.1"
    es5-ext "~0.10.11"
    es6-weak-map "~0.1.4"
    event-emitter "~0.3.4"
    lru-queue "0.1"
    next-tick "~0.2.2"
    timers-ext "0.1"

next-tick@~0.2.2:
  version "0.2.2"
  resolved "https://registry.yarnpkg.com/next-tick/-/next-tick-0.2.2.tgz#75da4a927ee5887e39065880065b7336413b310d"

timers-ext@0.1, timers-ext@0.1.x:
  version "0.1.0"
  resolved "https://registry.yarnpkg.com/timers-ext/-/timers-ext-0.1.0.tgz#00345a2ca93089d1251322054389d263e27b77e2"
  dependencies:
    es5-ext "~0.10.2"
    next-tick "~0.2.2"
